
Microsoft Visual Studio Solution File, Format Version 12.00
# Visual Studio Version 16
VisualStudioVersion = 16.0.31829.152
MinimumVisualStudioVersion = 10.0.40219.1
Project("{FAE04EC0-301F-11D3-BF4B-00C04F79EFBC}") = "Lab14___1", "Lab14___1\Lab14___1.csproj", "{7C30DA96-76FE-42F6-AA77-C2200A4FE6CD}"
EndProject
Global
	GlobalSection(SolutionConfigurationPlatforms) = preSolution
		Debug|Any CPU = Debug|Any CPU
		Release|Any CPU = Release|Any CPU
	EndGlobalSection
	GlobalSection(ProjectConfigurationPlatforms) = postSolution
		{7C30DA96-76FE-42F6-AA77-C2200A4FE6CD}.Debug|Any CPU.ActiveCfg = Debug|Any CPU
		{7C30DA96-76FE-42F6-AA77-C2200A4FE6CD}.Debug|Any CPU.Build.0 = Debug|Any CPU
		{7C30DA96-76FE-42F6-AA77-C2200A4FE6CD}.Release|Any CPU.ActiveCfg = Release|Any CPU
		{7C30DA96-76FE-42F6-AA77-C2200A4FE6CD}.Release|Any CPU.Build.0 = Release|Any CPU
	EndGlobalSection
	GlobalSection(SolutionProperties) = preSolution
		HideSolutionNode = FALSE
	EndGlobalSection
	GlobalSection(ExtensibilityGlobals) = postSolution
		SolutionGuid = {E2DBDDA1-04D9-4D61-A862-FC0254A85FAE}
	EndGlobalSection
EndGlobal
